// !$*UTF8*$!
{
	archiveVersion = 1;
	classes = {
	};
	objectVersion = 56;
	objects = {

/* Begin PBXBuildFile section */
		58AE31642BB8800A00DC0067 /* IrisApp.swift in Sources */ = {isa = PBXBuildFile; fileRef = 58AE31632BB8800A00DC0067 /* IrisApp.swift */; };
		58AE31682BB8800B00DC0067 /* Assets.xcassets in Resources */ = {isa = PBXBuildFile; fileRef = 58AE31672BB8800B00DC0067 /* Assets.xcassets */; };
		58AE316B2BB8800B00DC0067 /* Preview Assets.xcassets in Resources */ = {isa = PBXBuildFile; fileRef = 58AE316A2BB8800B00DC0067 /* Preview Assets.xcassets */; };
		58AE31772BB88CD600DC0067 /* Home.swift in Sources */ = {isa = PBXBuildFile; fileRef = 58AE31762BB88CD600DC0067 /* Home.swift */; };
		58AE31792BB88D6400DC0067 /* Tab.swift in Sources */ = {isa = PBXBuildFile; fileRef = 58AE31782BB88D6400DC0067 /* Tab.swift */; };
		58AE317F2BB8909500DC0067 /* Discovery.swift in Sources */ = {isa = PBXBuildFile; fileRef = 58AE317E2BB8909500DC0067 /* Discovery.swift */; };
		58AE31812BB890B500DC0067 /* Like.swift in Sources */ = {isa = PBXBuildFile; fileRef = 58AE31802BB890B500DC0067 /* Like.swift */; };
		58AE318A2BB8920D00DC0067 /* ScrollOffset.swift in Sources */ = {isa = PBXBuildFile; fileRef = 58AE31892BB8920D00DC0067 /* ScrollOffset.swift */; };
		58AE318C2BB8922800DC0067 /* LinearInterpolation.swift in Sources */ = {isa = PBXBuildFile; fileRef = 58AE318B2BB8922800DC0067 /* LinearInterpolation.swift */; };
		58AE318E2BB967DC00DC0067 /* StackedCards.swift in Sources */ = {isa = PBXBuildFile; fileRef = 58AE318D2BB967DC00DC0067 /* StackedCards.swift */; };
		58AE31912BB9684A00DC0067 /* Search.swift in Sources */ = {isa = PBXBuildFile; fileRef = 58AE31902BB9684A00DC0067 /* Search.swift */; };
		58AE31932BB96D2900DC0067 /* manga.swift in Sources */ = {isa = PBXBuildFile; fileRef = 58AE31922BB96D2900DC0067 /* manga.swift */; };
		58AE31952BB96EE900DC0067 /* DisplayMangaCover.swift in Sources */ = {isa = PBXBuildFile; fileRef = 58AE31942BB96EE900DC0067 /* DisplayMangaCover.swift */; };
		58AE31972BB975DA00DC0067 /* ApiCall.swift in Sources */ = {isa = PBXBuildFile; fileRef = 58AE31962BB975DA00DC0067 /* ApiCall.swift */; };
		58AE31992BB995A600DC0067 /* MangaDetail.swift in Sources */ = {isa = PBXBuildFile; fileRef = 58AE31982BB995A600DC0067 /* MangaDetail.swift */; };
		58AE319B2BB9AD4700DC0067 /* Read.swift in Sources */ = {isa = PBXBuildFile; fileRef = 58AE319A2BB9AD4700DC0067 /* Read.swift */; };
		58AE319D2BB9B1E300DC0067 /* ReadPage.swift in Sources */ = {isa = PBXBuildFile; fileRef = 58AE319C2BB9B1E300DC0067 /* ReadPage.swift */; };
/* End PBXBuildFile section */

/* Begin PBXFileReference section */
		58AE31602BB8800A00DC0067 /* Iris.app */ = {isa = PBXFileReference; explicitFileType = wrapper.application; includeInIndex = 0; path = Iris.app; sourceTree = BUILT_PRODUCTS_DIR; };
		58AE31632BB8800A00DC0067 /* IrisApp.swift */ = {isa = PBXFileReference; lastKnownFileType = sourcecode.swift; path = IrisApp.swift; sourceTree = "<group>"; };
		58AE31672BB8800B00DC0067 /* Assets.xcassets */ = {isa = PBXFileReference; lastKnownFileType = folder.assetcatalog; path = Assets.xcassets; sourceTree = "<group>"; };
		58AE316A2BB8800B00DC0067 /* Preview Assets.xcassets */ = {isa = PBXFileReference; lastKnownFileType = folder.assetcatalog; path = "Preview Assets.xcassets"; sourceTree = "<group>"; };
		58AE31762BB88CD600DC0067 /* Home.swift */ = {isa = PBXFileReference; lastKnownFileType = sourcecode.swift; path = Home.swift; sourceTree = "<group>"; };
		58AE31782BB88D6400DC0067 /* Tab.swift */ = {isa = PBXFileReference; lastKnownFileType = sourcecode.swift; path = Tab.swift; sourceTree = "<group>"; };
		58AE317E2BB8909500DC0067 /* Discovery.swift */ = {isa = PBXFileReference; lastKnownFileType = sourcecode.swift; path = Discovery.swift; sourceTree = "<group>"; };
		58AE31802BB890B500DC0067 /* Like.swift */ = {isa = PBXFileReference; lastKnownFileType = sourcecode.swift; path = Like.swift; sourceTree = "<group>"; };
		58AE31892BB8920D00DC0067 /* ScrollOffset.swift */ = {isa = PBXFileReference; lastKnownFileType = sourcecode.swift; path = ScrollOffset.swift; sourceTree = "<group>"; };
		58AE318B2BB8922800DC0067 /* LinearInterpolation.swift */ = {isa = PBXFileReference; lastKnownFileType = sourcecode.swift; path = LinearInterpolation.swift; sourceTree = "<group>"; };
		58AE318D2BB967DC00DC0067 /* StackedCards.swift */ = {isa = PBXFileReference; lastKnownFileType = sourcecode.swift; path = StackedCards.swift; sourceTree = "<group>"; };
		58AE31902BB9684A00DC0067 /* Search.swift */ = {isa = PBXFileReference; lastKnownFileType = sourcecode.swift; path = Search.swift; sourceTree = "<group>"; };
		58AE31922BB96D2900DC0067 /* manga.swift */ = {isa = PBXFileReference; lastKnownFileType = sourcecode.swift; path = manga.swift; sourceTree = "<group>"; };
		58AE31942BB96EE900DC0067 /* DisplayMangaCover.swift */ = {isa = PBXFileReference; lastKnownFileType = sourcecode.swift; path = DisplayMangaCover.swift; sourceTree = "<group>"; };
		58AE31962BB975DA00DC0067 /* ApiCall.swift */ = {isa = PBXFileReference; lastKnownFileType = sourcecode.swift; path = ApiCall.swift; sourceTree = "<group>"; };
		58AE31982BB995A600DC0067 /* MangaDetail.swift */ = {isa = PBXFileReference; lastKnownFileType = sourcecode.swift; path = MangaDetail.swift; sourceTree = "<group>"; };
		58AE319A2BB9AD4700DC0067 /* Read.swift */ = {isa = PBXFileReference; lastKnownFileType = sourcecode.swift; path = Read.swift; sourceTree = "<group>"; };
		58AE319C2BB9B1E300DC0067 /* ReadPage.swift */ = {isa = PBXFileReference; lastKnownFileType = sourcecode.swift; path = ReadPage.swift; sourceTree = "<group>"; };
/* End PBXFileReference section */

/* Begin PBXFrameworksBuildPhase section */
		58AE315D2BB8800A00DC0067 /* Frameworks */ = {
			isa = PBXFrameworksBuildPhase;
			buildActionMask = 2147483647;
			files = (
			);
			runOnlyForDeploymentPostprocessing = 0;
		};
/* End PBXFrameworksBuildPhase section */

/* Begin PBXGroup section */
		58AE31572BB8800A00DC0067 = {
			isa = PBXGroup;
			children = (
				58AE31622BB8800A00DC0067 /* Iris */,
				58AE31612BB8800A00DC0067 /* Products */,
			);
			sourceTree = "<group>";
		};
		58AE31612BB8800A00DC0067 /* Products */ = {
			isa = PBXGroup;
			children = (
				58AE31602BB8800A00DC0067 /* Iris.app */,
			);
			name = Products;
			sourceTree = "<group>";
		};
		58AE31622BB8800A00DC0067 /* Iris */ = {
			isa = PBXGroup;
			children = (
				58AE31752BB88CAB00DC0067 /* Network */,
				58AE31742BB88CA000DC0067 /* Fragment */,
				58AE31732BB88C8E00DC0067 /* Helper */,
				58AE31722BB88C8400DC0067 /* Model */,
				58AE31712BB88C7000DC0067 /* View */,
				58AE31632BB8800A00DC0067 /* IrisApp.swift */,
				58AE31672BB8800B00DC0067 /* Assets.xcassets */,
				58AE31692BB8800B00DC0067 /* Preview Content */,
			);
			path = Iris;
			sourceTree = "<group>";
		};
		58AE31692BB8800B00DC0067 /* Preview Content */ = {
			isa = PBXGroup;
			children = (
				58AE316A2BB8800B00DC0067 /* Preview Assets.xcassets */,
			);
			path = "Preview Content";
			sourceTree = "<group>";
		};
		58AE31712BB88C7000DC0067 /* View */ = {
			isa = PBXGroup;
			children = (
				58AE317D2BB8907400DC0067 /* Navigation */,
				58AE31762BB88CD600DC0067 /* Home.swift */,
				58AE31982BB995A600DC0067 /* MangaDetail.swift */,
				58AE319A2BB9AD4700DC0067 /* Read.swift */,
			);
			path = View;
			sourceTree = "<group>";
		};
		58AE31722BB88C8400DC0067 /* Model */ = {
			isa = PBXGroup;
			children = (
				58AE31782BB88D6400DC0067 /* Tab.swift */,
				58AE31922BB96D2900DC0067 /* manga.swift */,
			);
			path = Model;
			sourceTree = "<group>";
		};
		58AE31732BB88C8E00DC0067 /* Helper */ = {
			isa = PBXGroup;
			children = (
				58AE31842BB8919600DC0067 /* Tab */,
			);
			path = Helper;
			sourceTree = "<group>";
		};
		58AE31742BB88CA000DC0067 /* Fragment */ = {
			isa = PBXGroup;
			children = (
				58AE318D2BB967DC00DC0067 /* StackedCards.swift */,
				58AE31942BB96EE900DC0067 /* DisplayMangaCover.swift */,
				58AE319C2BB9B1E300DC0067 /* ReadPage.swift */,
			);
			path = Fragment;
			sourceTree = "<group>";
		};
		58AE31752BB88CAB00DC0067 /* Network */ = {
			isa = PBXGroup;
			children = (
				58AE31962BB975DA00DC0067 /* ApiCall.swift */,
			);
			path = Network;
			sourceTree = "<group>";
		};
		58AE317D2BB8907400DC0067 /* Navigation */ = {
			isa = PBXGroup;
			children = (
				58AE317E2BB8909500DC0067 /* Discovery.swift */,
				58AE31802BB890B500DC0067 /* Like.swift */,
				58AE31902BB9684A00DC0067 /* Search.swift */,
			);
			path = Navigation;
			sourceTree = "<group>";
		};
		58AE31842BB8919600DC0067 /* Tab */ = {
			isa = PBXGroup;
			children = (
				58AE31892BB8920D00DC0067 /* ScrollOffset.swift */,
				58AE318B2BB8922800DC0067 /* LinearInterpolation.swift */,
			);
			path = Tab;
			sourceTree = "<group>";
		};
/* End PBXGroup section */

/* Begin PBXNativeTarget section */
		58AE315F2BB8800A00DC0067 /* Iris */ = {
			isa = PBXNativeTarget;
			buildConfigurationList = 58AE316E2BB8800B00DC0067 /* Build configuration list for PBXNativeTarget "Iris" */;
			buildPhases = (
				58AE315C2BB8800A00DC0067 /* Sources */,
				58AE315D2BB8800A00DC0067 /* Frameworks */,
				58AE315E2BB8800A00DC0067 /* Resources */,
			);
			buildRules = (
			);
			dependencies = (
			);
			name = Iris;
			productName = Iris;
			productReference = 58AE31602BB8800A00DC0067 /* Iris.app */;
			productType = "com.apple.product-type.application";
		};
/* End PBXNativeTarget section */

/* Begin PBXProject section */
		58AE31582BB8800A00DC0067 /* Project object */ = {
			isa = PBXProject;
			attributes = {
				BuildIndependentTargetsInParallel = 1;
				LastSwiftUpdateCheck = 1520;
				LastUpgradeCheck = 1520;
				TargetAttributes = {
					58AE315F2BB8800A00DC0067 = {
						CreatedOnToolsVersion = 15.2;
					};
				};
			};
			buildConfigurationList = 58AE315B2BB8800A00DC0067 /* Build configuration list for PBXProject "Iris" */;
			compatibilityVersion = "Xcode 14.0";
			developmentRegion = en;
			hasScannedForEncodings = 0;
			knownRegions = (
				en,
				Base,
			);
			mainGroup = 58AE31572BB8800A00DC0067;
			productRefGroup = 58AE31612BB8800A00DC0067 /* Products */;
			projectDirPath = "";
			projectRoot = "";
			targets = (
				58AE315F2BB8800A00DC0067 /* Iris */,
			);
		};
/* End PBXProject section */

/* Begin PBXResourcesBuildPhase section */
		58AE315E2BB8800A00DC0067 /* Resources */ = {
			isa = PBXResourcesBuildPhase;
			buildActionMask = 2147483647;
			files = (
				58AE316B2BB8800B00DC0067 /* Preview Assets.xcassets in Resources */,
				58AE31682BB8800B00DC0067 /* Assets.xcassets in Resources */,
			);
			runOnlyForDeploymentPostprocessing = 0;
		};
/* End PBXResourcesBuildPhase section */

/* Begin PBXSourcesBuildPhase section */
		58AE315C2BB8800A00DC0067 /* Sources */ = {
			isa = PBXSourcesBuildPhase;
			buildActionMask = 2147483647;
			files = (
				58AE31772BB88CD600DC0067 /* Home.swift in Sources */,
				58AE319B2BB9AD4700DC0067 /* Read.swift in Sources */,
				58AE31992BB995A600DC0067 /* MangaDetail.swift in Sources */,
				58AE31972BB975DA00DC0067 /* ApiCall.swift in Sources */,
				58AE318E2BB967DC00DC0067 /* StackedCards.swift in Sources */,
				58AE31932BB96D2900DC0067 /* manga.swift in Sources */,
				58AE318A2BB8920D00DC0067 /* ScrollOffset.swift in Sources */,
				58AE31642BB8800A00DC0067 /* IrisApp.swift in Sources */,
				58AE317F2BB8909500DC0067 /* Discovery.swift in Sources */,
				58AE318C2BB8922800DC0067 /* LinearInterpolation.swift in Sources */,
				58AE31912BB9684A00DC0067 /* Search.swift in Sources */,
				58AE31792BB88D6400DC0067 /* Tab.swift in Sources */,
				58AE31952BB96EE900DC0067 /* DisplayMangaCover.swift in Sources */,
				58AE31812BB890B500DC0067 /* Like.swift in Sources */,
				58AE319D2BB9B1E300DC0067 /* ReadPage.swift in Sources */,
			);
			runOnlyForDeploymentPostprocessing = 0;
		};
/* End PBXSourcesBuildPhase section */

/* Begin XCBuildConfiguration section */
		58AE316C2BB8800B00DC0067 /* Debug */ = {
			isa = XCBuildConfiguration;
			buildSettings = {
				ALWAYS_SEARCH_USER_PATHS = NO;
				ASSETCATALOG_COMPILER_GENERATE_SWIFT_ASSET_SYMBOL_EXTENSIONS = YES;
				CLANG_ANALYZER_NONNULL = YES;
				CLANG_ANALYZER_NUMBER_OBJECT_CONVERSION = YES_AGGRESSIVE;
				CLANG_CXX_LANGUAGE_STANDARD = "gnu++20";
				CLANG_ENABLE_MODULES = YES;
				CLANG_ENABLE_OBJC_ARC = YES;
				CLANG_ENABLE_OBJC_WEAK = YES;
				CLANG_WARN_BLOCK_CAPTURE_AUTORELEASING = YES;
				CLANG_WARN_BOOL_CONVERSION = YES;
				CLANG_WARN_COMMA = YES;
				CLANG_WARN_CONSTANT_CONVERSION = YES;
				CLANG_WARN_DEPRECATED_OBJC_IMPLEMENTATIONS = YES;
				CLANG_WARN_DIRECT_OBJC_ISA_USAGE = YES_ERROR;
				CLANG_WARN_DOCUMENTATION_COMMENTS = YES;
				CLANG_WARN_EMPTY_BODY = YES;
				CLANG_WARN_ENUM_CONVERSION = YES;
				CLANG_WARN_INFINITE_RECURSION = YES;
				CLANG_WARN_INT_CONVERSION = YES;
				CLANG_WARN_NON_LITERAL_NULL_CONVERSION = YES;
				CLANG_WARN_OBJC_IMPLICIT_RETAIN_SELF = YES;
				CLANG_WARN_OBJC_LITERAL_CONVERSION = YES;
				CLANG_WARN_OBJC_ROOT_CLASS = YES_ERROR;
				CLANG_WARN_QUOTED_INCLUDE_IN_FRAMEWORK_HEADER = YES;
				CLANG_WARN_RANGE_LOOP_ANALYSIS = YES;
				CLANG_WARN_STRICT_PROTOTYPES = YES;
				CLANG_WARN_SUSPICIOUS_MOVE = YES;
				CLANG_WARN_UNGUARDED_AVAILABILITY = YES_AGGRESSIVE;
				CLANG_WARN_UNREACHABLE_CODE = YES;
				CLANG_WARN__DUPLICATE_METHOD_MATCH = YES;
				COPY_PHASE_STRIP = NO;
				DEBUG_INFORMATION_FORMAT = dwarf;
				ENABLE_STRICT_OBJC_MSGSEND = YES;
				ENABLE_TESTABILITY = YES;
				ENABLE_USER_SCRIPT_SANDBOXING = YES;
				GCC_C_LANGUAGE_STANDARD = gnu17;
				GCC_DYNAMIC_NO_PIC = NO;
				GCC_NO_COMMON_BLOCKS = YES;
				GCC_OPTIMIZATION_LEVEL = 0;
				GCC_PREPROCESSOR_DEFINITIONS = (
					"DEBUG=1",
					"$(inherited)",
				);
				GCC_WARN_64_TO_32_BIT_CONVERSION = YES;
				GCC_WARN_ABOUT_RETURN_TYPE = YES_ERROR;
				GCC_WARN_UNDECLARED_SELECTOR = YES;
				GCC_WARN_UNINITIALIZED_AUTOS = YES_AGGRESSIVE;
				GCC_WARN_UNUSED_FUNCTION = YES;
				GCC_WARN_UNUSED_VARIABLE = YES;
				IPHONEOS_DEPLOYMENT_TARGET = 17.2;
				LOCALIZATION_PREFERS_STRING_CATALOGS = YES;
				MTL_ENABLE_DEBUG_INFO = INCLUDE_SOURCE;
				MTL_FAST_MATH = YES;
				ONLY_ACTIVE_ARCH = YES;
				SDKROOT = iphoneos;
				SWIFT_ACTIVE_COMPILATION_CONDITIONS = "DEBUG $(inherited)";
				SWIFT_OPTIMIZATION_LEVEL = "-Onone";
			};
			name = Debug;
		};
		58AE316D2BB8800B00DC0067 /* Release */ = {
			isa = XCBuildConfiguration;
			buildSettings = {
				ALWAYS_SEARCH_USER_PATHS = NO;
				ASSETCATALOG_COMPILER_GENERATE_SWIFT_ASSET_SYMBOL_EXTENSIONS = YES;
				CLANG_ANALYZER_NONNULL = YES;
				CLANG_ANALYZER_NUMBER_OBJECT_CONVERSION = YES_AGGRESSIVE;
				CLANG_CXX_LANGUAGE_STANDARD = "gnu++20";
				CLANG_ENABLE_MODULES = YES;
				CLANG_ENABLE_OBJC_ARC = YES;
				CLANG_ENABLE_OBJC_WEAK = YES;
				CLANG_WARN_BLOCK_CAPTURE_AUTORELEASING = YES;
				CLANG_WARN_BOOL_CONVERSION = YES;
				CLANG_WARN_COMMA = YES;
				CLANG_WARN_CONSTANT_CONVERSION = YES;
				CLANG_WARN_DEPRECATED_OBJC_IMPLEMENTATIONS = YES;
				CLANG_WARN_DIRECT_OBJC_ISA_USAGE = YES_ERROR;
				CLANG_WARN_DOCUMENTATION_COMMENTS = YES;
				CLANG_WARN_EMPTY_BODY = YES;
				CLANG_WARN_ENUM_CONVERSION = YES;
				CLANG_WARN_INFINITE_RECURSION = YES;
				CLANG_WARN_INT_CONVERSION = YES;
				CLANG_WARN_NON_LITERAL_NULL_CONVERSION = YES;
				CLANG_WARN_OBJC_IMPLICIT_RETAIN_SELF = YES;
				CLANG_WARN_OBJC_LITERAL_CONVERSION = YES;
				CLANG_WARN_OBJC_ROOT_CLASS = YES_ERROR;
				CLANG_WARN_QUOTED_INCLUDE_IN_FRAMEWORK_HEADER = YES;
				CLANG_WARN_RANGE_LOOP_ANALYSIS = YES;
				CLANG_WARN_STRICT_PROTOTYPES = YES;
				CLANG_WARN_SUSPICIOUS_MOVE = YES;
				CLANG_WARN_UNGUARDED_AVAILABILITY = YES_AGGRESSIVE;
				CLANG_WARN_UNREACHABLE_CODE = YES;
				CLANG_WARN__DUPLICATE_METHOD_MATCH = YES;
				COPY_PHASE_STRIP = NO;
				DEBUG_INFORMATION_FORMAT = "dwarf-with-dsym";
				ENABLE_NS_ASSERTIONS = NO;
				ENABLE_STRICT_OBJC_MSGSEND = YES;
				ENABLE_USER_SCRIPT_SANDBOXING = YES;
				GCC_C_LANGUAGE_STANDARD = gnu17;
				GCC_NO_COMMON_BLOCKS = YES;
				GCC_WARN_64_TO_32_BIT_CONVERSION = YES;
				GCC_WARN_ABOUT_RETURN_TYPE = YES_ERROR;
				GCC_WARN_UNDECLARED_SELECTOR = YES;
				GCC_WARN_UNINITIALIZED_AUTOS = YES_AGGRESSIVE;
				GCC_WARN_UNUSED_FUNCTION = YES;
				GCC_WARN_UNUSED_VARIABLE = YES;
				IPHONEOS_DEPLOYMENT_TARGET = 17.2;
				LOCALIZATION_PREFERS_STRING_CATALOGS = YES;
				MTL_ENABLE_DEBUG_INFO = NO;
				MTL_FAST_MATH = YES;
				SDKROOT = iphoneos;
				SWIFT_COMPILATION_MODE = wholemodule;
				VALIDATE_PRODUCT = YES;
			};
			name = Release;
		};
		58AE316F2BB8800B00DC0067 /* Debug */ = {
			isa = XCBuildConfiguration;
			buildSettings = {
				ASSETCATALOG_COMPILER_APPICON_NAME = AppIcon;
				ASSETCATALOG_COMPILER_GLOBAL_ACCENT_COLOR_NAME = AccentColor;
				CODE_SIGN_STYLE = Automatic;
				CURRENT_PROJECT_VERSION = 1;
				DEVELOPMENT_ASSET_PATHS = "\"Iris/Preview Content\"";
				DEVELOPMENT_TEAM = 4L678QWSK4;
				ENABLE_PREVIEWS = YES;
				GENERATE_INFOPLIST_FILE = YES;
				INFOPLIST_KEY_UIApplicationSceneManifest_Generation = YES;
				INFOPLIST_KEY_UIApplicationSupportsIndirectInputEvents = YES;
				INFOPLIST_KEY_UILaunchScreen_Generation = YES;
				INFOPLIST_KEY_UISupportedInterfaceOrientations_iPad = "UIInterfaceOrientationPortrait UIInterfaceOrientationPortraitUpsideDown UIInterfaceOrientationLandscapeLeft UIInterfaceOrientationLandscapeRight";
				INFOPLIST_KEY_UISupportedInterfaceOrientations_iPhone = "UIInterfaceOrientationPortrait UIInterfaceOrientationLandscapeLeft UIInterfaceOrientationLandscapeRight";
				LD_RUNPATH_SEARCH_PATHS = (
					"$(inherited)",
					"@executable_path/Frameworks",
				);
				MARKETING_VERSION = 1.0;
				PRODUCT_BUNDLE_IDENTIFIER = com.zk.Iris;
				PRODUCT_NAME = "$(TARGET_NAME)";
				SWIFT_EMIT_LOC_STRINGS = YES;
				SWIFT_VERSION = 5.0;
				TARGETED_DEVICE_FAMILY = "1,2";
			};
			name = Debug;
		};
		58AE31702BB8800B00DC0067 /* Release */ = {
			isa = XCBuildConfiguration;
			buildSettings = {
				ASSETCATALOG_COMPILER_APPICON_NAME = AppIcon;
				ASSETCATALOG_COMPILER_GLOBAL_ACCENT_COLOR_NAME = AccentColor;
				CODE_SIGN_STYLE = Automatic;
				CURRENT_PROJECT_VERSION = 1;
				DEVELOPMENT_ASSET_PATHS = "\"Iris/Preview Content\"";
				DEVELOPMENT_TEAM = 4L678QWSK4;
				ENABLE_PREVIEWS = YES;
				GENERATE_INFOPLIST_FILE = YES;
				INFOPLIST_KEY_UIApplicationSceneManifest_Generation = YES;
				INFOPLIST_KEY_UIApplicationSupportsIndirectInputEvents = YES;
				INFOPLIST_KEY_UILaunchScreen_Generation = YES;
				INFOPLIST_KEY_UISupportedInterfaceOrientations_iPad = "UIInterfaceOrientationPortrait UIInterfaceOrientationPortraitUpsideDown UIInterfaceOrientationLandscapeLeft UIInterfaceOrientationLandscapeRight";
				INFOPLIST_KEY_UISupportedInterfaceOrientations_iPhone = "UIInterfaceOrientationPortrait UIInterfaceOrientationLandscapeLeft UIInterfaceOrientationLandscapeRight";
				LD_RUNPATH_SEARCH_PATHS = (
					"$(inherited)",
					"@executable_path/Frameworks",
				);
				MARKETING_VERSION = 1.0;
				PRODUCT_BUNDLE_IDENTIFIER = com.zk.Iris;
				PRODUCT_NAME = "$(TARGET_NAME)";
				SWIFT_EMIT_LOC_STRINGS = YES;
				SWIFT_VERSION = 5.0;
				TARGETED_DEVICE_FAMILY = "1,2";
			};
			name = Release;
		};
/* End XCBuildConfiguration section */

/* Begin XCConfigurationList section */
		58AE315B2BB8800A00DC0067 /* Build configuration list for PBXProject "Iris" */ = {
			isa = XCConfigurationList;
			buildConfigurations = (
				58AE316C2BB8800B00DC0067 /* Debug */,
				58AE316D2BB8800B00DC0067 /* Release */,
			);
			defaultConfigurationIsVisible = 0;
			defaultConfigurationName = Release;
		};
		58AE316E2BB8800B00DC0067 /* Build configuration list for PBXNativeTarget "Iris" */ = {
			isa = XCConfigurationList;
			buildConfigurations = (
				58AE316F2BB8800B00DC0067 /* Debug */,
				58AE31702BB8800B00DC0067 /* Release */,
			);
			defaultConfigurationIsVisible = 0;
			defaultConfigurationName = Release;
		};
/* End XCConfigurationList section */
	};
	rootObject = 58AE31582BB8800A00DC0067 /* Project object */;
}
